github.com/davecgh/go-spew v1.1.0 h1:ZDRjVQ15GmhC3fiQ8ni8+OwkZQO4DARzQgrnXU1Liz8=
github.com/davecgh/go-spew v1.1.0/go.mod h1:J7Y8YcW2NihsgmVo/mv3lAwl/skON4iLHjSsI+c5H38=
github.com/davecgh/go-spew v1.1.1/go.mod h1:J7Y8YcW2NihsgmVo/mv3lAwl/skON4iLHjSsI+c5H38=
github.com/mattn/go-pointer v0.0.1/go.mod h1:2zXcozF6qYGgmsG+SeTZz3oAbFLdD3OWqnUbNvJZAlc=
github.com/pmezard/go-difflib v1.0.0 h1:4DBwDE0NGyQoBHbLQYPwSUPoCMWR5BEzIk/f1lZbAQM=
github.com/pmezard/go-difflib v1.0.0/go.mod h1:iKH77koFhYxTK1pcRnkKkqfTogsbg7gZNVY4sRDYZ/4=
github.com/stretchr/objx v0.1.0/go.mod h1:HFkY916IF+rwdDfMAkV7OtwuqBVzrE8GR6GFx+wExME=
github.com/stretchr/testify v1.7.0 h1:nwc3DEeHmmLAfoZucVR881uASk0Mfjw8xYJ99tb5CcY=
github.com/stretchr/testify v1.7.0/go.mod h1:6Fq8oRcR53rry900zMqJjRRixrwX3KX962/h/Wwjteg=
gopkg.in/check.v1 v0.0.0-20161208181325-20d25e280405 h1:yhCVgyC4o1eVCa2tZl7eS0r+SDo693bJlVdllGtEeKM=
gopkg.in/check.v1 v0.0.0-20161208181325-20d25e280405/go.mod h1:Co6ibVJAznAaIkqp8huTwlJQCZ016jof/cbN4VW5Yz0=
gopkg.in/yaml.v3 v3.0.0-20200313102051-9f266ea9e77c h1:dUUwHk2QECo/6vqA44rthZ8ie2QXMNeKRTHCNY2nXvo=
gopkg.in/yaml.v3 v3.0.0-20200313102051-9f266ea9e77c/go.mod h1:K4uyk7z7BCEPqu6E+C64Yfv1cQ7kz7rIZviUmN+EgEM=
gopkg.in/yaml.v3 v3.0.0-20210107192922-496545a6307b/go.mod h1:K4uyk7z7BCEPqu6E+C64Yfv1cQ7kz7rIZviUmN+EgEM=
hz.tools/rf v0.0.5 h1:s6Xd/2/MExWAqanMVHWDBkj5vedI/ELufdo3lohjkPo=
hz.tools/rf v0.0.5/go.mod h1:wTwZ2xbRvTgaa5S7y34NPMg3YY5hYTlhpBbPlWYcMSE=
hz.tools/rf v0.0.7 h1:jzIP+Q9We0B1lEZgQp7VTVAPtO/yuTwhNRxkCG/lWOg=
hz.tools/rf v0.0.7/go.mod h1:wTwZ2xbRvTgaa5S7y34NPMg3YY5hYTlhpBbPlWYcMSE=
hz.tools/sdr v0.0.0-20210301022121-827d0bde6957 h1:glOboNVTVbqJzakMUbqbP2mlcTS2jsAkCJU+AYCVBhk=
hz.tools/sdr v0.0.0-20210301022121-827d0bde6957/go.mod h1:vVolgVVC0JVbp1fW5owjK21rb9gRoJ2oIIgg1vzU9NQ=
hz.tools/sdr v0.0.0-20210302032716-b81a36232d7e h1:Yed3LhAXahCl3Tavqc/0FuICmuqljpr3Dkc8hey8RkE=
hz.tools/sdr v0.0.0-20210302032716-b81a36232d7e/go.mod h1:e2HpOZNGv+DJCV9QxTwT/1vi+KoyX996WN3wx46WnB8=
hz.tools/sdr v0.0.0-20210310010859-bcc7d6233524 h1:djy5y3XAX5YuxVEXE32RLcWLkxZoBRix2fVlk4mZ2Dc=
hz.tools/sdr v0.0.0-20210310010859-bcc7d6233524/go.mod h1:YX83xRT5DRUT/ue1zeiCfEJhiEP23m83RSdSg1IotxU=
hz.tools/sdr v0.0.0-20210320000221-10095b43b861 h1:3Dz6HdUzGAtN2pQG/mMse/1o4eHOsizzjzhxHIrf9v0=
hz.tools/sdr v0.0.0-20210320000221-10095b43b861/go.mod h1:YX83xRT5DRUT/ue1zeiCfEJhiEP23m83RSdSg1IotxU=
hz.tools/sdr v0.0.0-20210403125734-e93bfe35828c h1:60YoDuDSVGpR+bp8ca2thoFrJen8CCD006sM8MSCTIo=
hz.tools/sdr v0.0.0-20210403125734-e93bfe35828c/go.mod h1:YX83xRT5DRUT/ue1zeiCfEJhiEP23m83RSdSg1IotxU=
