github.com/davecgh/go-spew v1.1.0 h1:ZDRjVQ15GmhC3fiQ8ni8+OwkZQO4DARzQgrnXU1Liz8=
github.com/davecgh/go-spew v1.1.0/go.mod h1:J7Y8YcW2NihsgmVo/mv3lAwl/skON4iLHjSsI+c5H38=
github.com/mattn/go-pointer v0.0.0-20190911064623-a0a44394634f/go.mod h1:2zXcozF6qYGgmsG+SeTZz3oAbFLdD3OWqnUbNvJZAlc=
github.com/pmezard/go-difflib v1.0.0 h1:4DBwDE0NGyQoBHbLQYPwSUPoCMWR5BEzIk/f1lZbAQM=
github.com/pmezard/go-difflib v1.0.0/go.mod h1:iKH77koFhYxTK1pcRnkKkqfTogsbg7gZNVY4sRDYZ/4=
github.com/stretchr/objx v0.1.0/go.mod h1:HFkY916IF+rwdDfMAkV7OtwuqBVzrE8GR6GFx+wExME=
github.com/stretchr/testify v1.5.1 h1:nOGnQDM7FYENwehXlg/kFVnos3rEvtKTjRvOWSzb6H4=
github.com/stretchr/testify v1.5.1/go.mod h1:5W2xD1RspED5o8YsWQXVCued0rvSQ+mT+I5cxcmMvtA=
gopkg.in/check.v1 v0.0.0-20161208181325-20d25e280405/go.mod h1:Co6ibVJAznAaIkqp8huTwlJQCZ016jof/cbN4VW5Yz0=
gopkg.in/yaml.v2 v2.2.2 h1:ZCJp+EgiOT7lHqUV2J862kp8Qj64Jo6az82+3Td9dZw=
gopkg.in/yaml.v2 v2.2.2/go.mod h1:hI93XBmqTisBFMUTm0b8Fm+jr3Dg1NNxqwp+5A1VGuI=
kc3nwj.com/rf v0.0.0-20200330015233-da97bf452cc0 h1:Z5OQQy8vNUIyV3Apg2OXsnY6ZM6TQlI8b+5z5z0hVAs=
kc3nwj.com/rf v0.0.0-20200330015233-da97bf452cc0/go.mod h1:aEHT3F8j0c8kWzSeClQoRutbwMel3alOkr+5NIzvXyQ=
kc3nwj.com/rf v0.0.0-20200421031422-4b110b07ba13 h1:lAo4UebkQYYStxDKaiuPrXJGaJ++KBA4ZFYmyFfckdc=
kc3nwj.com/rf v0.0.0-20200421031422-4b110b07ba13/go.mod h1:aEHT3F8j0c8kWzSeClQoRutbwMel3alOkr+5NIzvXyQ=
kc3nwj.com/rf v0.0.1 h1:nfn6k0K5QsNgU6G6QjdxibbzSZq/Ojg3p+voUJTloNs=
kc3nwj.com/rf v0.0.1/go.mod h1:aEHT3F8j0c8kWzSeClQoRutbwMel3alOkr+5NIzvXyQ=
kc3nwj.com/sdr v0.0.0-20200410155921-2b89acc1f137 h1:WN3l9wT2W8dnSH0e/qDRlWDpbXY4hJdpzztUqZe8XWE=
kc3nwj.com/sdr v0.0.0-20200410155921-2b89acc1f137/go.mod h1:nh0BGBBmqur0zcMStSBm7QtiwwXKXYcspZOX+Fr9r0k=
kc3nwj.com/sdr v0.0.0-20200410193405-0b7d654fc0eb h1:w7RYn9z3BgWNc7id8JB5UnmwmvOLLWbuYtJTpUsIshc=
kc3nwj.com/sdr v0.0.0-20200410193405-0b7d654fc0eb/go.mod h1:nh0BGBBmqur0zcMStSBm7QtiwwXKXYcspZOX+Fr9r0k=
